// !$*UTF8*$!
{
	archiveVersion = 1;
	classes = {
	};
	objectVersion = 70;
	objects = {

/* Begin PBXBuildFile section */
		D0027B032CC439AF00309B82 /* .swiftlint.yml in Resources */ = {isa = PBXBuildFile; fileRef = D0027B022CC439AF00309B82 /* .swiftlint.yml */; };
		D01067CA2D0C824200EE4126 /* Defaults in Frameworks */ = {isa = PBXBuildFile; productRef = D01067C92D0C824200EE4126 /* Defaults */; };
		D01067CC2D0C824200EE4126 /* DefaultsMacros in Frameworks */ = {isa = PBXBuildFile; productRef = D01067CB2D0C824200EE4126 /* DefaultsMacros */; };
		D010A39C2CFC655300B0AA08 /* CloudKitSyncMonitor in Frameworks */ = {isa = PBXBuildFile; productRef = D010A39B2CFC655300B0AA08 /* CloudKitSyncMonitor */; };
		D010A39F2CFC656F00B0AA08 /* Roadmap in Frameworks */ = {isa = PBXBuildFile; productRef = D010A39E2CFC656F00B0AA08 /* Roadmap */; };
		D04139522CC6495700A19FDC /* .swiftlint.yml in Resources */ = {isa = PBXBuildFile; fileRef = D0027B022CC439AF00309B82 /* .swiftlint.yml */; };
		D043410A2CBD2CF20049DA99 /* TelemetryDeck in Frameworks */ = {isa = PBXBuildFile; productRef = D04341092CBD2CF20049DA99 /* TelemetryDeck */; };
		D043410C2CBD36F10049DA99 /* TelemetryDeck in Frameworks */ = {isa = PBXBuildFile; productRef = D043410B2CBD36F10049DA99 /* TelemetryDeck */; };
		D04E59FB2C7656FB005D0132 /* AcknowList in Frameworks */ = {isa = PBXBuildFile; productRef = D04E59FA2C7656FB005D0132 /* AcknowList */; };
		D05585232D1600F800C09CFB /* WhatsNewKit in Frameworks */ = {isa = PBXBuildFile; productRef = D05585222D1600F800C09CFB /* WhatsNewKit */; };
		D0814EA02D16A8FE00B29A67 /* WhatsNewKit in Frameworks */ = {isa = PBXBuildFile; productRef = D0814E9F2D16A8FE00B29A67 /* WhatsNewKit */; };
		D08CDE0E2C5CD43000AF1D59 /* Connectivity in Frameworks */ = {isa = PBXBuildFile; productRef = D08CDE0D2C5CD43000AF1D59 /* Connectivity */; };
		D0A68B4A2C3338B800E03B5D /* WidgetKit.framework in Frameworks */ = {isa = PBXBuildFile; fileRef = D05E09252C25A5EE0091E552 /* WidgetKit.framework */; };
		D0A68B4B2C3338B800E03B5D /* SwiftUI.framework in Frameworks */ = {isa = PBXBuildFile; fileRef = D05E09272C25A5EE0091E552 /* SwiftUI.framework */; };
		D0A68B592C3338B900E03B5D /* HoerspielWidgetsExtension.appex in Embed Foundation Extensions */ = {isa = PBXBuildFile; fileRef = D0A68B492C3338B800E03B5D /* HoerspielWidgetsExtension.appex */; settings = {ATTRIBUTES = (RemoveHeadersOnCopy, ); }; };
/* End PBXBuildFile section */

/* Begin PBXContainerItemProxy section */
		D015D0AB2D3408FD00438AF7 /* PBXContainerItemProxy */ = {
			isa = PBXContainerItemProxy;
			containerPortal = 17AA97282C037B55005F7010 /* Project object */;
			proxyType = 1;
			remoteGlobalIDString = 17AA972F2C037B55005F7010;
			remoteInfo = "Hörspielzentrale";
		};
		D0A68B572C3338B900E03B5D /* PBXContainerItemProxy */ = {
			isa = PBXContainerItemProxy;
			containerPortal = 17AA97282C037B55005F7010 /* Project object */;
			proxyType = 1;
			remoteGlobalIDString = D0A68B482C3338B800E03B5D;
			remoteInfo = HoerspielWidgetsExtension;
		};
/* End PBXContainerItemProxy section */

/* Begin PBXCopyFilesBuildPhase section */
		D05E093A2C25A5EF0091E552 /* Embed Foundation Extensions */ = {
			isa = PBXCopyFilesBuildPhase;
			buildActionMask = 2147483647;
			dstPath = "";
			dstSubfolderSpec = 13;
			files = (
				D0A68B592C3338B900E03B5D /* HoerspielWidgetsExtension.appex in Embed Foundation Extensions */,
			);
			name = "Embed Foundation Extensions";
			runOnlyForDeploymentPostprocessing = 0;
		};
/* End PBXCopyFilesBuildPhase section */

/* Begin PBXFileReference section */
		17026C9F2C1B745000AE7E0A /* Ho-rspielzentrale-Info.plist */ = {isa = PBXFileReference; lastKnownFileType = text.plist.xml; path = "Ho-rspielzentrale-Info.plist"; sourceTree = SOURCE_ROOT; };
		17AA97302C037B55005F7010 /* Hörspielzentrale.app */ = {isa = PBXFileReference; explicitFileType = wrapper.application; includeInIndex = 0; path = "Hörspielzentrale.app"; sourceTree = BUILT_PRODUCTS_DIR; };
		D0027B022CC439AF00309B82 /* .swiftlint.yml */ = {isa = PBXFileReference; lastKnownFileType = text.yaml; path = .swiftlint.yml; sourceTree = "<group>"; };
		D015D0A72D3408FD00438AF7 /* HörspielzentraleTests.xctest */ = {isa = PBXFileReference; explicitFileType = wrapper.cfbundle; includeInIndex = 0; path = "HörspielzentraleTests.xctest"; sourceTree = BUILT_PRODUCTS_DIR; };
		D05E09252C25A5EE0091E552 /* WidgetKit.framework */ = {isa = PBXFileReference; lastKnownFileType = wrapper.framework; name = WidgetKit.framework; path = /System/Library/Frameworks/WidgetKit.framework; sourceTree = "<absolute>"; };
		D05E09272C25A5EE0091E552 /* SwiftUI.framework */ = {isa = PBXFileReference; lastKnownFileType = wrapper.framework; name = SwiftUI.framework; path = /System/Library/Frameworks/SwiftUI.framework; sourceTree = "<absolute>"; };
		D0814E9D2D16201100B29A67 /* Secrets.xcconfig */ = {isa = PBXFileReference; lastKnownFileType = text.xcconfig; path = Secrets.xcconfig; sourceTree = "<group>"; };
		D0A68B492C3338B800E03B5D /* HoerspielWidgetsExtension.appex */ = {isa = PBXFileReference; explicitFileType = "wrapper.app-extension"; includeInIndex = 0; path = HoerspielWidgetsExtension.appex; sourceTree = BUILT_PRODUCTS_DIR; };
/* End PBXFileReference section */

/* Begin PBXFileSystemSynchronizedBuildFileExceptionSet section */
		D009D9542D32641100794C0F /* PBXFileSystemSynchronizedBuildFileExceptionSet */ = {
			isa = PBXFileSystemSynchronizedBuildFileExceptionSet;
			membershipExceptions = (
				"Data/Data-Models/ArtistIDMatch.json",
				"Data/Data-Models/Hoerspiel/CodableHoerspiel.swift",
				"Data/Data-Models/Hoerspiel/Hoerspiel.swift",
				"Data/Data-Models/Hoerspiel/SendableHoerspiel.swift",
				"Data/Data-Models/Series/CodableSeries.swift",
				"Data/Data-Models/Series/SendableSeries.swift",
				"Data/Data-Models/Series/Series.swift",
				"Data/Data-Models/Tracks/SendableStoredTrack.swift",
				"Data/Data-Models/Tracks/StoredTrack.swift",
				"Data/Data-Models/Tracks/TrackExtensions.swift",
				Data/Logger.swift,
				Extensions/Color.swift,
			);
			target = D0A68B482C3338B800E03B5D /* HoerspielWidgetsExtension */;
		};
		D015D0B12D34092C00438AF7 /* PBXFileSystemSynchronizedBuildFileExceptionSet */ = {
			isa = PBXFileSystemSynchronizedBuildFileExceptionSet;
			membershipExceptions = (
				AppIntents/HoerspielEntity.swift,
				AppIntents/HoerspielEntityQuery.swift,
				"Data/Data-Models/Hoerspiel/CodableHoerspiel.swift",
				"Data/Data-Models/Hoerspiel/Hoerspiel.swift",
				"Data/Data-Models/Hoerspiel/HoerspielTests.swift",
				"Data/Data-Models/Hoerspiel/SendableHoerspiel.swift",
				"Data/Data-Models/Series/CodableSeries.swift",
				"Data/Data-Models/Series/SendableSeries.swift",
				"Data/Data-Models/Series/Series.swift",
				"Data/Data-Models/Tracks/SendableStoredTrack.swift",
				"Data/Data-Models/Tracks/StoredTrack.swift",
				"Data/Data-Models/Tracks/TrackExtensions.swift",
				Data/Defaults/Defaults.Serializable.swift,
				Data/Defaults/DefaultsDeclaration.swift,
				Data/Logger.swift,
				Data/Managers/DataManager.swift,
				Extensions/Extensions.swift,
			);
			target = D015D0A62D3408FD00438AF7 /* HörspielzentraleTests */;
		};
		D015D1C32D34467700438AF7 /* PBXFileSystemSynchronizedBuildFileExceptionSet */ = {
			isa = PBXFileSystemSynchronizedBuildFileExceptionSet;
			membershipExceptions = (
				"Data/Data-Models/Hoerspiel/HoerspielTests.swift",
			);
			target = 17AA972F2C037B55005F7010 /* Hörspielzentrale */;
		};
		D0E23B812D326316004486A1 /* PBXFileSystemSynchronizedBuildFileExceptionSet */ = {
			isa = PBXFileSystemSynchronizedBuildFileExceptionSet;
			membershipExceptions = (
				Info.plist,
			);
			target = D0A68B482C3338B800E03B5D /* HoerspielWidgetsExtension */;
		};
/* End PBXFileSystemSynchronizedBuildFileExceptionSet section */

/* Begin PBXFileSystemSynchronizedRootGroup section */
		D009D8EF2D32641100794C0F /* Hörspielzentrale */ = {isa = PBXFileSystemSynchronizedRootGroup; exceptions = (D015D1C32D34467700438AF7 /* PBXFileSystemSynchronizedBuildFileExceptionSet */, D009D9542D32641100794C0F /* PBXFileSystemSynchronizedBuildFileExceptionSet */, D015D0B12D34092C00438AF7 /* PBXFileSystemSynchronizedBuildFileExceptionSet */, ); explicitFileTypes = {}; explicitFolders = (); path = "Hörspielzentrale"; sourceTree = "<group>"; };
		D0E23B7A2D326316004486A1 /* HoerspielWidgets */ = {isa = PBXFileSystemSynchronizedRootGroup; exceptions = (D0E23B812D326316004486A1 /* PBXFileSystemSynchronizedBuildFileExceptionSet */, ); explicitFileTypes = {}; explicitFolders = (); path = HoerspielWidgets; sourceTree = "<group>"; };
/* End PBXFileSystemSynchronizedRootGroup section */

/* Begin PBXFrameworksBuildPhase section */
		17AA972D2C037B55005F7010 /* Frameworks */ = {
			isa = PBXFrameworksBuildPhase;
			buildActionMask = 2147483647;
			files = (
				D08CDE0E2C5CD43000AF1D59 /* Connectivity in Frameworks */,
				D04E59FB2C7656FB005D0132 /* AcknowList in Frameworks */,
				D01067CC2D0C824200EE4126 /* DefaultsMacros in Frameworks */,
				D010A39F2CFC656F00B0AA08 /* Roadmap in Frameworks */,
				D05585232D1600F800C09CFB /* WhatsNewKit in Frameworks */,
				D0814EA02D16A8FE00B29A67 /* WhatsNewKit in Frameworks */,
				D010A39C2CFC655300B0AA08 /* CloudKitSyncMonitor in Frameworks */,
				D043410A2CBD2CF20049DA99 /* TelemetryDeck in Frameworks */,
				D01067CA2D0C824200EE4126 /* Defaults in Frameworks */,
			);
			runOnlyForDeploymentPostprocessing = 0;
		};
		D015D0A42D3408FD00438AF7 /* Frameworks */ = {
			isa = PBXFrameworksBuildPhase;
			buildActionMask = 2147483647;
			files = (
			);
			runOnlyForDeploymentPostprocessing = 0;
		};
		D0A68B462C3338B800E03B5D /* Frameworks */ = {
			isa = PBXFrameworksBuildPhase;
			buildActionMask = 2147483647;
			files = (
				D0A68B4B2C3338B800E03B5D /* SwiftUI.framework in Frameworks */,
				D0A68B4A2C3338B800E03B5D /* WidgetKit.framework in Frameworks */,
				D043410C2CBD36F10049DA99 /* TelemetryDeck in Frameworks */,
			);
			runOnlyForDeploymentPostprocessing = 0;
		};
/* End PBXFrameworksBuildPhase section */

/* Begin PBXGroup section */
		17AA97272C037B55005F7010 = {
			isa = PBXGroup;
			children = (
				D0814E9D2D16201100B29A67 /* Secrets.xcconfig */,
				D0027B022CC439AF00309B82 /* .swiftlint.yml */,
				17026C9F2C1B745000AE7E0A /* Ho-rspielzentrale-Info.plist */,
				D009D8EF2D32641100794C0F /* Hörspielzentrale */,
				D0E23B7A2D326316004486A1 /* HoerspielWidgets */,
				D05E09242C25A5EE0091E552 /* Frameworks */,
				17AA97312C037B55005F7010 /* Products */,
			);
			sourceTree = "<group>";
		};
		17AA97312C037B55005F7010 /* Products */ = {
			isa = PBXGroup;
			children = (
				17AA97302C037B55005F7010 /* Hörspielzentrale.app */,
				D0A68B492C3338B800E03B5D /* HoerspielWidgetsExtension.appex */,
				D015D0A72D3408FD00438AF7 /* HörspielzentraleTests.xctest */,
			);
			name = Products;
			sourceTree = "<group>";
		};
		D05E09242C25A5EE0091E552 /* Frameworks */ = {
			isa = PBXGroup;
			children = (
				D05E09252C25A5EE0091E552 /* WidgetKit.framework */,
				D05E09272C25A5EE0091E552 /* SwiftUI.framework */,
			);
			name = Frameworks;
			sourceTree = "<group>";
		};
/* End PBXGroup section */

/* Begin PBXNativeTarget section */
		17AA972F2C037B55005F7010 /* Hörspielzentrale */ = {
			isa = PBXNativeTarget;
			buildConfigurationList = 17AA97402C037B56005F7010 /* Build configuration list for PBXNativeTarget "Hörspielzentrale" */;
			buildPhases = (
				17AA972C2C037B55005F7010 /* Sources */,
				17AA972D2C037B55005F7010 /* Frameworks */,
				17AA972E2C037B55005F7010 /* Resources */,
				D05E093A2C25A5EF0091E552 /* Embed Foundation Extensions */,
			);
			buildRules = (
			);
			dependencies = (
				D083C54D2CC41BBC0041CFC8 /* PBXTargetDependency */,
				D0A68B582C3338B900E03B5D /* PBXTargetDependency */,
			);
			fileSystemSynchronizedGroups = (
				D009D8EF2D32641100794C0F /* Hörspielzentrale */,
			);
			name = "Hörspielzentrale";
			packageProductDependencies = (
				D08CDE0D2C5CD43000AF1D59 /* Connectivity */,
				D04E59FA2C7656FB005D0132 /* AcknowList */,
				D04341092CBD2CF20049DA99 /* TelemetryDeck */,
				D010A39B2CFC655300B0AA08 /* CloudKitSyncMonitor */,
				D010A39E2CFC656F00B0AA08 /* Roadmap */,
				D01067C92D0C824200EE4126 /* Defaults */,
				D01067CB2D0C824200EE4126 /* DefaultsMacros */,
				D05585222D1600F800C09CFB /* WhatsNewKit */,
				D0814E9F2D16A8FE00B29A67 /* WhatsNewKit */,
			);
			productName = "Hörspielzentrale";
			productReference = 17AA97302C037B55005F7010 /* Hörspielzentrale.app */;
			productType = "com.apple.product-type.application";
		};
		D015D0A62D3408FD00438AF7 /* HörspielzentraleTests */ = {
			isa = PBXNativeTarget;
			buildConfigurationList = D015D0AF2D3408FD00438AF7 /* Build configuration list for PBXNativeTarget "HörspielzentraleTests" */;
			buildPhases = (
				D015D0A32D3408FD00438AF7 /* Sources */,
				D015D0A42D3408FD00438AF7 /* Frameworks */,
				D015D0A52D3408FD00438AF7 /* Resources */,
			);
			buildRules = (
			);
			dependencies = (
				D015D0AC2D3408FD00438AF7 /* PBXTargetDependency */,
			);
			name = "HörspielzentraleTests";
			packageProductDependencies = (
			);
			productName = "HörspielzentraleTests";
			productReference = D015D0A72D3408FD00438AF7 /* HörspielzentraleTests.xctest */;
			productType = "com.apple.product-type.bundle.unit-test";
		};
		D0A68B482C3338B800E03B5D /* HoerspielWidgetsExtension */ = {
			isa = PBXNativeTarget;
			buildConfigurationList = D0A68B5A2C3338B900E03B5D /* Build configuration list for PBXNativeTarget "HoerspielWidgetsExtension" */;
			buildPhases = (
				D0A68B452C3338B800E03B5D /* Sources */,
				D0A68B462C3338B800E03B5D /* Frameworks */,
				D0A68B472C3338B800E03B5D /* Resources */,
			);
			buildRules = (
			);
			dependencies = (
				D0533A412CC64A7200670FBC /* PBXTargetDependency */,
			);
			fileSystemSynchronizedGroups = (
				D0E23B7A2D326316004486A1 /* HoerspielWidgets */,
			);
			name = HoerspielWidgetsExtension;
			productName = HoerspielWidgetsExtension;
			productReference = D0A68B492C3338B800E03B5D /* HoerspielWidgetsExtension.appex */;
			productType = "com.apple.product-type.app-extension";
		};
/* End PBXNativeTarget section */

/* Begin PBXProject section */
		17AA97282C037B55005F7010 /* Project object */ = {
			isa = PBXProject;
			attributes = {
				BuildIndependentTargetsInParallel = 1;
				LastSwiftUpdateCheck = 1610;
				LastUpgradeCheck = 1600;
				TargetAttributes = {
					17AA972F2C037B55005F7010 = {
						CreatedOnToolsVersion = 15.4;
					};
					D015D0A62D3408FD00438AF7 = {
						CreatedOnToolsVersion = 16.1;
						TestTargetID = 17AA972F2C037B55005F7010;
					};
					D0A68B482C3338B800E03B5D = {
						CreatedOnToolsVersion = 15.4;
					};
				};
			};
			buildConfigurationList = 17AA972B2C037B55005F7010 /* Build configuration list for PBXProject "Hörspielzentrale" */;
			compatibilityVersion = "Xcode 14.0";
			developmentRegion = de;
			hasScannedForEncodings = 0;
			knownRegions = (
				Base,
				de,
			);
			mainGroup = 17AA97272C037B55005F7010;
			packageReferences = (
				D08CDE0C2C5CD43000AF1D59 /* XCRemoteSwiftPackageReference "Connectivity" */,
				D04E59F92C7656FB005D0132 /* XCRemoteSwiftPackageReference "AcknowList" */,
				D04341082CBD2CF20049DA99 /* XCRemoteSwiftPackageReference "SwiftSDK" */,
				D083C54B2CC41B260041CFC8 /* XCRemoteSwiftPackageReference "SwiftLintPlugins" */,
				D010A39A2CFC655300B0AA08 /* XCRemoteSwiftPackageReference "CloudKitSyncMonitor" */,
				D010A39D2CFC656F00B0AA08 /* XCRemoteSwiftPackageReference "Roadmap" */,
				D01067C82D0C824200EE4126 /* XCRemoteSwiftPackageReference "Defaults" */,
				D0814E9E2D16A8FE00B29A67 /* XCRemoteSwiftPackageReference "WhatsNewKit" */,
			);
			productRefGroup = 17AA97312C037B55005F7010 /* Products */;
			projectDirPath = "";
			projectRoot = "";
			targets = (
				17AA972F2C037B55005F7010 /* Hörspielzentrale */,
				D0A68B482C3338B800E03B5D /* HoerspielWidgetsExtension */,
				D015D0A62D3408FD00438AF7 /* HörspielzentraleTests */,
			);
		};
/* End PBXProject section */

/* Begin PBXResourcesBuildPhase section */
		17AA972E2C037B55005F7010 /* Resources */ = {
			isa = PBXResourcesBuildPhase;
			buildActionMask = 2147483647;
			files = (
				D0027B032CC439AF00309B82 /* .swiftlint.yml in Resources */,
			);
			runOnlyForDeploymentPostprocessing = 0;
		};
		D015D0A52D3408FD00438AF7 /* Resources */ = {
			isa = PBXResourcesBuildPhase;
			buildActionMask = 2147483647;
			files = (
			);
			runOnlyForDeploymentPostprocessing = 0;
		};
		D0A68B472C3338B800E03B5D /* Resources */ = {
			isa = PBXResourcesBuildPhase;
			buildActionMask = 2147483647;
			files = (
				D04139522CC6495700A19FDC /* .swiftlint.yml in Resources */,
			);
			runOnlyForDeploymentPostprocessing = 0;
		};
/* End PBXResourcesBuildPhase section */

/* Begin PBXSourcesBuildPhase section */
		17AA972C2C037B55005F7010 /* Sources */ = {
			isa = PBXSourcesBuildPhase;
			buildActionMask = 2147483647;
			files = (
			);
			runOnlyForDeploymentPostprocessing = 0;
		};
		D015D0A32D3408FD00438AF7 /* Sources */ = {
			isa = PBXSourcesBuildPhase;
			buildActionMask = 2147483647;
			files = (
			);
			runOnlyForDeploymentPostprocessing = 0;
		};
		D0A68B452C3338B800E03B5D /* Sources */ = {
			isa = PBXSourcesBuildPhase;
			buildActionMask = 2147483647;
			files = (
			);
			runOnlyForDeploymentPostprocessing = 0;
		};
/* End PBXSourcesBuildPhase section */

/* Begin PBXTargetDependency section */
		D015D0AC2D3408FD00438AF7 /* PBXTargetDependency */ = {
			isa = PBXTargetDependency;
			target = 17AA972F2C037B55005F7010 /* Hörspielzentrale */;
			targetProxy = D015D0AB2D3408FD00438AF7 /* PBXContainerItemProxy */;
		};
		D0533A412CC64A7200670FBC /* PBXTargetDependency */ = {
			isa = PBXTargetDependency;
			productRef = D0533A402CC64A7200670FBC /* SwiftLintBuildToolPlugin */;
		};
		D083C54D2CC41BBC0041CFC8 /* PBXTargetDependency */ = {
			isa = PBXTargetDependency;
			productRef = D083C54C2CC41BBC0041CFC8 /* SwiftLintBuildToolPlugin */;
		};
		D0A68B582C3338B900E03B5D /* PBXTargetDependency */ = {
			isa = PBXTargetDependency;
			target = D0A68B482C3338B800E03B5D /* HoerspielWidgetsExtension */;
			targetProxy = D0A68B572C3338B900E03B5D /* PBXContainerItemProxy */;
		};
/* End PBXTargetDependency section */

/* Begin XCBuildConfiguration section */
		17AA973E2C037B56005F7010 /* Debug */ = {
			isa = XCBuildConfiguration;
			baseConfigurationReference = D0814E9D2D16201100B29A67 /* Secrets.xcconfig */;
			buildSettings = {
				ALWAYS_SEARCH_USER_PATHS = NO;
				ASSETCATALOG_COMPILER_GENERATE_SWIFT_ASSET_SYMBOL_EXTENSIONS = YES;
				CLANG_ANALYZER_NONNULL = YES;
				CLANG_ANALYZER_NUMBER_OBJECT_CONVERSION = YES_AGGRESSIVE;
				CLANG_CXX_LANGUAGE_STANDARD = "gnu++20";
				CLANG_ENABLE_MODULES = YES;
				CLANG_ENABLE_OBJC_ARC = YES;
				CLANG_ENABLE_OBJC_WEAK = YES;
				CLANG_WARN_BLOCK_CAPTURE_AUTORELEASING = YES;
				CLANG_WARN_BOOL_CONVERSION = YES;
				CLANG_WARN_COMMA = YES;
				CLANG_WARN_CONSTANT_CONVERSION = YES;
				CLANG_WARN_DEPRECATED_OBJC_IMPLEMENTATIONS = YES;
				CLANG_WARN_DIRECT_OBJC_ISA_USAGE = YES_ERROR;
				CLANG_WARN_DOCUMENTATION_COMMENTS = YES;
				CLANG_WARN_EMPTY_BODY = YES;
				CLANG_WARN_ENUM_CONVERSION = YES;
				CLANG_WARN_INFINITE_RECURSION = YES;
				CLANG_WARN_INT_CONVERSION = YES;
				CLANG_WARN_NON_LITERAL_NULL_CONVERSION = YES;
				CLANG_WARN_OBJC_IMPLICIT_RETAIN_SELF = YES;
				CLANG_WARN_OBJC_LITERAL_CONVERSION = YES;
				CLANG_WARN_OBJC_ROOT_CLASS = YES_ERROR;
				CLANG_WARN_QUOTED_INCLUDE_IN_FRAMEWORK_HEADER = YES;
				CLANG_WARN_RANGE_LOOP_ANALYSIS = YES;
				CLANG_WARN_STRICT_PROTOTYPES = YES;
				CLANG_WARN_SUSPICIOUS_MOVE = YES;
				CLANG_WARN_UNGUARDED_AVAILABILITY = YES_AGGRESSIVE;
				CLANG_WARN_UNREACHABLE_CODE = YES;
				CLANG_WARN__DUPLICATE_METHOD_MATCH = YES;
				COPY_PHASE_STRIP = NO;
				DEBUG_INFORMATION_FORMAT = dwarf;
				ENABLE_STRICT_OBJC_MSGSEND = YES;
				ENABLE_TESTABILITY = YES;
				ENABLE_USER_SCRIPT_SANDBOXING = YES;
				GCC_C_LANGUAGE_STANDARD = gnu17;
				GCC_DYNAMIC_NO_PIC = NO;
				GCC_NO_COMMON_BLOCKS = YES;
				GCC_OPTIMIZATION_LEVEL = 0;
				GCC_PREPROCESSOR_DEFINITIONS = (
					"DEBUG=1",
					"$(inherited)",
				);
				GCC_WARN_64_TO_32_BIT_CONVERSION = YES;
				GCC_WARN_ABOUT_RETURN_TYPE = YES_ERROR;
				GCC_WARN_UNDECLARED_SELECTOR = YES;
				GCC_WARN_UNINITIALIZED_AUTOS = YES_AGGRESSIVE;
				GCC_WARN_UNUSED_FUNCTION = YES;
				GCC_WARN_UNUSED_VARIABLE = YES;
				IPHONEOS_DEPLOYMENT_TARGET = 17.0;
				LOCALIZATION_PREFERS_STRING_CATALOGS = YES;
				MTL_ENABLE_DEBUG_INFO = INCLUDE_SOURCE;
				MTL_FAST_MATH = YES;
				ONLY_ACTIVE_ARCH = YES;
				SDKROOT = iphoneos;
				SWIFT_ACTIVE_COMPILATION_CONDITIONS = "DEBUG $(inherited)";
				SWIFT_OPTIMIZATION_LEVEL = "-Onone";
				SWIFT_STRICT_CONCURRENCY = minimal;
				SWIFT_UPCOMING_FEATURE_INFER_SENDABLE_FROM_CAPTURES = YES;
			};
			name = Debug;
		};
		17AA973F2C037B56005F7010 /* Release */ = {
			isa = XCBuildConfiguration;
			baseConfigurationReference = D0814E9D2D16201100B29A67 /* Secrets.xcconfig */;
			buildSettings = {
				ALWAYS_SEARCH_USER_PATHS = NO;
				ASSETCATALOG_COMPILER_GENERATE_SWIFT_ASSET_SYMBOL_EXTENSIONS = YES;
				CLANG_ANALYZER_NONNULL = YES;
				CLANG_ANALYZER_NUMBER_OBJECT_CONVERSION = YES_AGGRESSIVE;
				CLANG_CXX_LANGUAGE_STANDARD = "gnu++20";
				CLANG_ENABLE_MODULES = YES;
				CLANG_ENABLE_OBJC_ARC = YES;
				CLANG_ENABLE_OBJC_WEAK = YES;
				CLANG_WARN_BLOCK_CAPTURE_AUTORELEASING = YES;
				CLANG_WARN_BOOL_CONVERSION = YES;
				CLANG_WARN_COMMA = YES;
				CLANG_WARN_CONSTANT_CONVERSION = YES;
				CLANG_WARN_DEPRECATED_OBJC_IMPLEMENTATIONS = YES;
				CLANG_WARN_DIRECT_OBJC_ISA_USAGE = YES_ERROR;
				CLANG_WARN_DOCUMENTATION_COMMENTS = YES;
				CLANG_WARN_EMPTY_BODY = YES;
				CLANG_WARN_ENUM_CONVERSION = YES;
				CLANG_WARN_INFINITE_RECURSION = YES;
				CLANG_WARN_INT_CONVERSION = YES;
				CLANG_WARN_NON_LITERAL_NULL_CONVERSION = YES;
				CLANG_WARN_OBJC_IMPLICIT_RETAIN_SELF = YES;
				CLANG_WARN_OBJC_LITERAL_CONVERSION = YES;
				CLANG_WARN_OBJC_ROOT_CLASS = YES_ERROR;
				CLANG_WARN_QUOTED_INCLUDE_IN_FRAMEWORK_HEADER = YES;
				CLANG_WARN_RANGE_LOOP_ANALYSIS = YES;
				CLANG_WARN_STRICT_PROTOTYPES = YES;
				CLANG_WARN_SUSPICIOUS_MOVE = YES;
				CLANG_WARN_UNGUARDED_AVAILABILITY = YES_AGGRESSIVE;
				CLANG_WARN_UNREACHABLE_CODE = YES;
				CLANG_WARN__DUPLICATE_METHOD_MATCH = YES;
				COPY_PHASE_STRIP = NO;
				DEBUG_INFORMATION_FORMAT = "dwarf-with-dsym";
				ENABLE_NS_ASSERTIONS = NO;
				ENABLE_STRICT_OBJC_MSGSEND = YES;
				ENABLE_USER_SCRIPT_SANDBOXING = YES;
				GCC_C_LANGUAGE_STANDARD = gnu17;
				GCC_NO_COMMON_BLOCKS = YES;
				GCC_WARN_64_TO_32_BIT_CONVERSION = YES;
				GCC_WARN_ABOUT_RETURN_TYPE = YES_ERROR;
				GCC_WARN_UNDECLARED_SELECTOR = YES;
				GCC_WARN_UNINITIALIZED_AUTOS = YES_AGGRESSIVE;
				GCC_WARN_UNUSED_FUNCTION = YES;
				GCC_WARN_UNUSED_VARIABLE = YES;
				IPHONEOS_DEPLOYMENT_TARGET = 17.0;
				LOCALIZATION_PREFERS_STRING_CATALOGS = YES;
				MTL_ENABLE_DEBUG_INFO = NO;
				MTL_FAST_MATH = YES;
				SDKROOT = iphoneos;
				SWIFT_COMPILATION_MODE = wholemodule;
				SWIFT_STRICT_CONCURRENCY = minimal;
				SWIFT_UPCOMING_FEATURE_INFER_SENDABLE_FROM_CAPTURES = YES;
				VALIDATE_PRODUCT = YES;
			};
			name = Release;
		};
		17AA97412C037B56005F7010 /* Debug */ = {
			isa = XCBuildConfiguration;
			baseConfigurationReference = D0814E9D2D16201100B29A67 /* Secrets.xcconfig */;
			buildSettings = {
				ASSETCATALOG_COMPILER_APPICON_NAME = AppIcon;
				ASSETCATALOG_COMPILER_GLOBAL_ACCENT_COLOR_NAME = AccentColor;
				CODE_SIGN_ENTITLEMENTS = "Hörspielzentrale/Hörspielzentrale.entitlements";
				CODE_SIGN_STYLE = Automatic;
				CURRENT_PROJECT_VERSION = 1;
				DEVELOPMENT_ASSET_PATHS = "\"Hörspielzentrale/Preview Content\"";
				DEVELOPMENT_TEAM = LR2ZR7HMCT;
				ENABLE_PREVIEWS = YES;
				GENERATE_INFOPLIST_FILE = YES;
				INFOPLIST_FILE = "Ho-rspielzentrale-Info.plist";
				INFOPLIST_KEY_LSApplicationCategoryType = "public.app-category.entertainment";
				INFOPLIST_KEY_NSAppleMusicUsageDescription = "Dies ist erforderlich um Hörspiele abspielen zu können.";
				INFOPLIST_KEY_UIApplicationSceneManifest_Generation = YES;
				INFOPLIST_KEY_UIApplicationSupportsIndirectInputEvents = YES;
				INFOPLIST_KEY_UILaunchScreen_Generation = YES;
				INFOPLIST_KEY_UISupportedInterfaceOrientations = UIInterfaceOrientationPortrait;
				INFOPLIST_KEY_UISupportedInterfaceOrientations_iPad = "UIInterfaceOrientationLandscapeLeft UIInterfaceOrientationLandscapeRight UIInterfaceOrientationPortrait UIInterfaceOrientationPortraitUpsideDown";
				LD_RUNPATH_SEARCH_PATHS = (
					"$(inherited)",
					"@executable_path/Frameworks",
				);
				MARKETING_VERSION = 1.2.1;
				PRODUCT_BUNDLE_IDENTIFIER = "com.n-comm.diedreifragezeichenplayer";
				PRODUCT_NAME = "$(TARGET_NAME)";
				SUPPORTED_PLATFORMS = "iphoneos iphonesimulator";
				SUPPORTS_MACCATALYST = NO;
				SUPPORTS_MAC_DESIGNED_FOR_IPHONE_IPAD = NO;
				SUPPORTS_XR_DESIGNED_FOR_IPHONE_IPAD = NO;
				SWIFT_EMIT_LOC_STRINGS = YES;
				SWIFT_STRICT_CONCURRENCY = targeted;
				SWIFT_UPCOMING_FEATURE_INFER_SENDABLE_FROM_CAPTURES = YES;
				SWIFT_VERSION = 5.0;
				TARGETED_DEVICE_FAMILY = 1;
			};
			name = Debug;
		};
		17AA97422C037B56005F7010 /* Release */ = {
			isa = XCBuildConfiguration;
			baseConfigurationReference = D0814E9D2D16201100B29A67 /* Secrets.xcconfig */;
			buildSettings = {
				ASSETCATALOG_COMPILER_APPICON_NAME = AppIcon;
				ASSETCATALOG_COMPILER_GLOBAL_ACCENT_COLOR_NAME = AccentColor;
				CODE_SIGN_ENTITLEMENTS = "Hörspielzentrale/Hörspielzentrale.entitlements";
				CODE_SIGN_STYLE = Automatic;
				CURRENT_PROJECT_VERSION = 1;
				DEVELOPMENT_ASSET_PATHS = "\"Hörspielzentrale/Preview Content\"";
				DEVELOPMENT_TEAM = LR2ZR7HMCT;
				ENABLE_PREVIEWS = YES;
				GENERATE_INFOPLIST_FILE = YES;
				INFOPLIST_FILE = "Ho-rspielzentrale-Info.plist";
				INFOPLIST_KEY_LSApplicationCategoryType = "public.app-category.entertainment";
				INFOPLIST_KEY_NSAppleMusicUsageDescription = "Dies ist erforderlich um Hörspiele abspielen zu können.";
				INFOPLIST_KEY_UIApplicationSceneManifest_Generation = YES;
				INFOPLIST_KEY_UIApplicationSupportsIndirectInputEvents = YES;
				INFOPLIST_KEY_UILaunchScreen_Generation = YES;
				INFOPLIST_KEY_UISupportedInterfaceOrientations = UIInterfaceOrientationPortrait;
				INFOPLIST_KEY_UISupportedInterfaceOrientations_iPad = "UIInterfaceOrientationLandscapeLeft UIInterfaceOrientationLandscapeRight UIInterfaceOrientationPortrait UIInterfaceOrientationPortraitUpsideDown";
				LD_RUNPATH_SEARCH_PATHS = (
					"$(inherited)",
					"@executable_path/Frameworks",
				);
				MARKETING_VERSION = 1.2.1;
				PRODUCT_BUNDLE_IDENTIFIER = "com.n-comm.diedreifragezeichenplayer";
				PRODUCT_NAME = "$(TARGET_NAME)";
				SUPPORTED_PLATFORMS = "iphoneos iphonesimulator";
				SUPPORTS_MACCATALYST = NO;
				SUPPORTS_MAC_DESIGNED_FOR_IPHONE_IPAD = NO;
				SUPPORTS_XR_DESIGNED_FOR_IPHONE_IPAD = NO;
				SWIFT_EMIT_LOC_STRINGS = YES;
				SWIFT_STRICT_CONCURRENCY = targeted;
				SWIFT_UPCOMING_FEATURE_INFER_SENDABLE_FROM_CAPTURES = YES;
				SWIFT_VERSION = 5.0;
				TARGETED_DEVICE_FAMILY = 1;
			};
			name = Release;
		};
		D015D0AD2D3408FD00438AF7 /* Debug */ = {
			isa = XCBuildConfiguration;
			buildSettings = {
				BUNDLE_LOADER = "$(TEST_HOST)";
				CODE_SIGN_STYLE = Automatic;
				CURRENT_PROJECT_VERSION = 1;
				DEVELOPMENT_TEAM = LR2ZR7HMCT;
				GENERATE_INFOPLIST_FILE = YES;
				IPHONEOS_DEPLOYMENT_TARGET = 18.1;
				MARKETING_VERSION = 1.0;
				PRODUCT_BUNDLE_IDENTIFIER = "com-n-comm.Ho-rspielzentraleTests";
				PRODUCT_NAME = "$(TARGET_NAME)";
				SWIFT_EMIT_LOC_STRINGS = NO;
				SWIFT_VERSION = 5.0;
				TARGETED_DEVICE_FAMILY = "1,2";
				TEST_HOST = "$(BUILT_PRODUCTS_DIR)/Hörspielzentrale.app/$(BUNDLE_EXECUTABLE_FOLDER_PATH)/Hörspielzentrale";
			};
			name = Debug;
		};
		D015D0AE2D3408FD00438AF7 /* Release */ = {
			isa = XCBuildConfiguration;
			buildSettings = {
				BUNDLE_LOADER = "$(TEST_HOST)";
				CODE_SIGN_STYLE = Automatic;
				CURRENT_PROJECT_VERSION = 1;
				DEVELOPMENT_TEAM = LR2ZR7HMCT;
				GENERATE_INFOPLIST_FILE = YES;
				IPHONEOS_DEPLOYMENT_TARGET = 18.1;
				MARKETING_VERSION = 1.0;
				PRODUCT_BUNDLE_IDENTIFIER = "com-n-comm.Ho-rspielzentraleTests";
				PRODUCT_NAME = "$(TARGET_NAME)";
				SWIFT_EMIT_LOC_STRINGS = NO;
				SWIFT_VERSION = 5.0;
				TARGETED_DEVICE_FAMILY = "1,2";
				TEST_HOST = "$(BUILT_PRODUCTS_DIR)/Hörspielzentrale.app/$(BUNDLE_EXECUTABLE_FOLDER_PATH)/Hörspielzentrale";
			};
			name = Release;
		};
		D0A68B5B2C3338B900E03B5D /* Debug */ = {
			isa = XCBuildConfiguration;
			baseConfigurationReference = D0814E9D2D16201100B29A67 /* Secrets.xcconfig */;
			buildSettings = {
				ASSETCATALOG_COMPILER_GLOBAL_ACCENT_COLOR_NAME = AccentColor;
				ASSETCATALOG_COMPILER_WIDGET_BACKGROUND_COLOR_NAME = WidgetBackground;
				CODE_SIGN_ENTITLEMENTS = HoerspielWidgets/HoerspielWidgets.entitlements;
				CODE_SIGN_STYLE = Automatic;
				CURRENT_PROJECT_VERSION = 1;
				DEVELOPMENT_TEAM = LR2ZR7HMCT;
				ENABLE_HARDENED_RUNTIME = YES;
				GENERATE_INFOPLIST_FILE = YES;
				INFOPLIST_FILE = HoerspielWidgets/Info.plist;
				INFOPLIST_KEY_CFBundleDisplayName = HoerspielWidgets;
				INFOPLIST_KEY_NSHumanReadableCopyright = "";
				IPHONEOS_DEPLOYMENT_TARGET = 17.5;
				LD_RUNPATH_SEARCH_PATHS = (
					"$(inherited)",
					"@executable_path/Frameworks",
					"@executable_path/../../Frameworks",
				);
				"LD_RUNPATH_SEARCH_PATHS[sdk=macosx*]" = (
					"$(inherited)",
					"@executable_path/../Frameworks",
					"@executable_path/../../../../Frameworks",
				);
				MACOSX_DEPLOYMENT_TARGET = 14.0;
				MARKETING_VERSION = 1.2.1;
				PRODUCT_BUNDLE_IDENTIFIER = "com.n-comm.diedreifragezeichenplayer.HoerspielWidgets";
				PRODUCT_NAME = "$(TARGET_NAME)";
				SDKROOT = iphoneos;
				SKIP_INSTALL = YES;
				SUPPORTED_PLATFORMS = "iphoneos iphonesimulator";
				SUPPORTS_MACCATALYST = NO;
				SUPPORTS_MAC_DESIGNED_FOR_IPHONE_IPAD = NO;
				SUPPORTS_XR_DESIGNED_FOR_IPHONE_IPAD = NO;
				SWIFT_EMIT_LOC_STRINGS = YES;
				SWIFT_VERSION = 5.0;
				TARGETED_DEVICE_FAMILY = 1;
			};
			name = Debug;
		};
		D0A68B5C2C3338B900E03B5D /* Release */ = {
			isa = XCBuildConfiguration;
			baseConfigurationReference = D0814E9D2D16201100B29A67 /* Secrets.xcconfig */;
			buildSettings = {
				ASSETCATALOG_COMPILER_GLOBAL_ACCENT_COLOR_NAME = AccentColor;
				ASSETCATALOG_COMPILER_WIDGET_BACKGROUND_COLOR_NAME = WidgetBackground;
				CODE_SIGN_ENTITLEMENTS = HoerspielWidgets/HoerspielWidgets.entitlements;
				CODE_SIGN_STYLE = Automatic;
				CURRENT_PROJECT_VERSION = 1;
				DEVELOPMENT_TEAM = LR2ZR7HMCT;
				ENABLE_HARDENED_RUNTIME = YES;
				GENERATE_INFOPLIST_FILE = YES;
				INFOPLIST_FILE = HoerspielWidgets/Info.plist;
				INFOPLIST_KEY_CFBundleDisplayName = HoerspielWidgets;
				INFOPLIST_KEY_NSHumanReadableCopyright = "";
				IPHONEOS_DEPLOYMENT_TARGET = 17.5;
				LD_RUNPATH_SEARCH_PATHS = (
					"$(inherited)",
					"@executable_path/Frameworks",
					"@executable_path/../../Frameworks",
				);
				"LD_RUNPATH_SEARCH_PATHS[sdk=macosx*]" = (
					"$(inherited)",
					"@executable_path/../Frameworks",
					"@executable_path/../../../../Frameworks",
				);
				MACOSX_DEPLOYMENT_TARGET = 14.0;
				MARKETING_VERSION = 1.2.1;
				PRODUCT_BUNDLE_IDENTIFIER = "com.n-comm.diedreifragezeichenplayer.HoerspielWidgets";
				PRODUCT_NAME = "$(TARGET_NAME)";
				SDKROOT = iphoneos;
				SKIP_INSTALL = YES;
				SUPPORTED_PLATFORMS = "iphoneos iphonesimulator";
				SUPPORTS_MACCATALYST = NO;
				SUPPORTS_MAC_DESIGNED_FOR_IPHONE_IPAD = NO;
				SUPPORTS_XR_DESIGNED_FOR_IPHONE_IPAD = NO;
				SWIFT_EMIT_LOC_STRINGS = YES;
				SWIFT_VERSION = 5.0;
				TARGETED_DEVICE_FAMILY = 1;
			};
			name = Release;
		};
/* End XCBuildConfiguration section */

/* Begin XCConfigurationList section */
		17AA972B2C037B55005F7010 /* Build configuration list for PBXProject "Hörspielzentrale" */ = {
			isa = XCConfigurationList;
			buildConfigurations = (
				17AA973E2C037B56005F7010 /* Debug */,
				17AA973F2C037B56005F7010 /* Release */,
			);
			defaultConfigurationIsVisible = 0;
			defaultConfigurationName = Release;
		};
		17AA97402C037B56005F7010 /* Build configuration list for PBXNativeTarget "Hörspielzentrale" */ = {
			isa = XCConfigurationList;
			buildConfigurations = (
				17AA97412C037B56005F7010 /* Debug */,
				17AA97422C037B56005F7010 /* Release */,
			);
			defaultConfigurationIsVisible = 0;
			defaultConfigurationName = Release;
		};
		D015D0AF2D3408FD00438AF7 /* Build configuration list for PBXNativeTarget "HörspielzentraleTests" */ = {
			isa = XCConfigurationList;
			buildConfigurations = (
				D015D0AD2D3408FD00438AF7 /* Debug */,
				D015D0AE2D3408FD00438AF7 /* Release */,
			);
			defaultConfigurationIsVisible = 0;
			defaultConfigurationName = Release;
		};
		D0A68B5A2C3338B900E03B5D /* Build configuration list for PBXNativeTarget "HoerspielWidgetsExtension" */ = {
			isa = XCConfigurationList;
			buildConfigurations = (
				D0A68B5B2C3338B900E03B5D /* Debug */,
				D0A68B5C2C3338B900E03B5D /* Release */,
			);
			defaultConfigurationIsVisible = 0;
			defaultConfigurationName = Release;
		};
/* End XCConfigurationList section */

/* Begin XCRemoteSwiftPackageReference section */
		D01067C82D0C824200EE4126 /* XCRemoteSwiftPackageReference "Defaults" */ = {
			isa = XCRemoteSwiftPackageReference;
			repositoryURL = "https://github.com/sindresorhus/Defaults";
			requirement = {
				kind = upToNextMajorVersion;
				minimumVersion = 9.0.0;
			};
		};
		D010A39A2CFC655300B0AA08 /* XCRemoteSwiftPackageReference "CloudKitSyncMonitor" */ = {
			isa = XCRemoteSwiftPackageReference;
			repositoryURL = "https://github.com/ggruen/CloudKitSyncMonitor";
			requirement = {
				kind = upToNextMajorVersion;
				minimumVersion = 3.0.0;
			};
		};
		D010A39D2CFC656F00B0AA08 /* XCRemoteSwiftPackageReference "Roadmap" */ = {
			isa = XCRemoteSwiftPackageReference;
			repositoryURL = "https://github.com/AvdLee/Roadmap";
			requirement = {
				branch = main;
				kind = branch;
			};
		};
		D04341082CBD2CF20049DA99 /* XCRemoteSwiftPackageReference "SwiftSDK" */ = {
			isa = XCRemoteSwiftPackageReference;
			repositoryURL = "https://github.com/TelemetryDeck/SwiftSDK";
			requirement = {
				kind = upToNextMajorVersion;
				minimumVersion = 2.4.1;
			};
		};
		D04E59F92C7656FB005D0132 /* XCRemoteSwiftPackageReference "AcknowList" */ = {
			isa = XCRemoteSwiftPackageReference;
			repositoryURL = "https://github.com/vtourraine/AcknowList";
			requirement = {
				kind = upToNextMajorVersion;
				minimumVersion = 3.2.0;
			};
		};
		D0814E9E2D16A8FE00B29A67 /* XCRemoteSwiftPackageReference "WhatsNewKit" */ = {
			isa = XCRemoteSwiftPackageReference;
			repositoryURL = "https://github.com/FPST-08/WhatsNewKit";
			requirement = {
				branch = main;
				kind = branch;
			};
		};
		D083C54B2CC41B260041CFC8 /* XCRemoteSwiftPackageReference "SwiftLintPlugins" */ = {
			isa = XCRemoteSwiftPackageReference;
			repositoryURL = "https://github.com/SimplyDanny/SwiftLintPlugins";
			requirement = {
				kind = upToNextMajorVersion;
				minimumVersion = 0.57.0;
			};
		};
		D08CDE0C2C5CD43000AF1D59 /* XCRemoteSwiftPackageReference "Connectivity" */ = {
			isa = XCRemoteSwiftPackageReference;
			repositoryURL = "https://github.com/rwbutler/Connectivity";
			requirement = {
				kind = upToNextMajorVersion;
				minimumVersion = 7.0.0;
			};
		};
/* End XCRemoteSwiftPackageReference section */

/* Begin XCSwiftPackageProductDependency section */
		D01067C92D0C824200EE4126 /* Defaults */ = {
			isa = XCSwiftPackageProductDependency;
			package = D01067C82D0C824200EE4126 /* XCRemoteSwiftPackageReference "Defaults" */;
			productName = Defaults;
		};
		D01067CB2D0C824200EE4126 /* DefaultsMacros */ = {
			isa = XCSwiftPackageProductDependency;
			package = D01067C82D0C824200EE4126 /* XCRemoteSwiftPackageReference "Defaults" */;
			productName = DefaultsMacros;
		};
		D010A39B2CFC655300B0AA08 /* CloudKitSyncMonitor */ = {
			isa = XCSwiftPackageProductDependency;
			package = D010A39A2CFC655300B0AA08 /* XCRemoteSwiftPackageReference "CloudKitSyncMonitor" */;
			productName = CloudKitSyncMonitor;
		};
		D010A39E2CFC656F00B0AA08 /* Roadmap */ = {
			isa = XCSwiftPackageProductDependency;
			package = D010A39D2CFC656F00B0AA08 /* XCRemoteSwiftPackageReference "Roadmap" */;
			productName = Roadmap;
		};
		D04341092CBD2CF20049DA99 /* TelemetryDeck */ = {
			isa = XCSwiftPackageProductDependency;
			package = D04341082CBD2CF20049DA99 /* XCRemoteSwiftPackageReference "SwiftSDK" */;
			productName = TelemetryDeck;
		};
		D043410B2CBD36F10049DA99 /* TelemetryDeck */ = {
			isa = XCSwiftPackageProductDependency;
			package = D04341082CBD2CF20049DA99 /* XCRemoteSwiftPackageReference "SwiftSDK" */;
			productName = TelemetryDeck;
		};
		D04E59FA2C7656FB005D0132 /* AcknowList */ = {
			isa = XCSwiftPackageProductDependency;
			package = D04E59F92C7656FB005D0132 /* XCRemoteSwiftPackageReference "AcknowList" */;
			productName = AcknowList;
		};
		D0533A402CC64A7200670FBC /* SwiftLintBuildToolPlugin */ = {
			isa = XCSwiftPackageProductDependency;
			package = D083C54B2CC41B260041CFC8 /* XCRemoteSwiftPackageReference "SwiftLintPlugins" */;
			productName = "plugin:SwiftLintBuildToolPlugin";
		};
		D05585222D1600F800C09CFB /* WhatsNewKit */ = {
			isa = XCSwiftPackageProductDependency;
			productName = WhatsNewKit;
		};
		D0814E9F2D16A8FE00B29A67 /* WhatsNewKit */ = {
			isa = XCSwiftPackageProductDependency;
			package = D0814E9E2D16A8FE00B29A67 /* XCRemoteSwiftPackageReference "WhatsNewKit" */;
			productName = WhatsNewKit;
		};
		D083C54C2CC41BBC0041CFC8 /* SwiftLintBuildToolPlugin */ = {
			isa = XCSwiftPackageProductDependency;
			package = D083C54B2CC41B260041CFC8 /* XCRemoteSwiftPackageReference "SwiftLintPlugins" */;
			productName = "plugin:SwiftLintBuildToolPlugin";
		};
		D08CDE0D2C5CD43000AF1D59 /* Connectivity */ = {
			isa = XCSwiftPackageProductDependency;
			package = D08CDE0C2C5CD43000AF1D59 /* XCRemoteSwiftPackageReference "Connectivity" */;
			productName = Connectivity;
		};
/* End XCSwiftPackageProductDependency section */
	};
	rootObject = 17AA97282C037B55005F7010 /* Project object */;
}
